Microsoft Visual Studio Solution File, Format Version 12.00
# Visual Studio Version 17
VisualStudioVersion = 17.5.2.0
MinimumVisualStudioVersion = 10.0.40219.1
Project("{FAE04EC0-301F-11D3-BF4B-00C04F79EFBC}") = "Flicker", "Flicker.csproj", "{AF23B3EC-56FE-1BDA-4A27-A33DE603115A}"
EndProject
Global
	GlobalSection(SolutionConfigurationPlatforms) = preSolution
		Debug|Any CPU = Debug|Any CPU
		Release|Any CPU = Release|Any CPU
	EndGlobalSection
	GlobalSection(ProjectConfigurationPlatforms) = postSolution
		{AF23B3EC-56FE-1BDA-4A27-A33DE603115A}.Debug|Any CPU.ActiveCfg = Debug|Any CPU
		{AF23B3EC-56FE-1BDA-4A27-A33DE603115A}.Debug|Any CPU.Build.0 = Debug|Any CPU
		{AF23B3EC-56FE-1BDA-4A27-A33DE603115A}.Release|Any CPU.ActiveCfg = Release|Any CPU
		{AF23B3EC-56FE-1BDA-4A27-A33DE603115A}.Release|Any CPU.Build.0 = Release|Any CPU
	EndGlobalSection
	GlobalSection(SolutionProperties) = preSolution
		HideSolutionNode = FALSE
	EndGlobalSection
	GlobalSection(ExtensibilityGlobals) = postSolution
		SolutionGuid = {8E8D990C-17B6-422E-954A-E75570FAC20E}
	EndGlobalSection
EndGlobal
